
Microsoft Visual Studio Solution File, Format Version 12.00
# Visual Studio 15
Project("{FAE04EC0-301F-11D3-BF4B-00C04F79EFBC}") = "Makro", "Makro.csproj", "{CBB7EB37-F7D1-472C-A5C2-EC99420DA89A}"
EndProject
Global
	GlobalSection(SolutionConfigurationPlatforms) = preSolution
		Debug|Any CPU = Debug|Any CPU
		Release|Any CPU = Release|Any CPU
	EndGlobalSection
	GlobalSection(ProjectConfigurationPlatforms) = postSolution
		{CBB7EB37-F7D1-472C-A5C2-EC99420DA89A}.Debug|Any CPU.ActiveCfg = Debug|Any CPU
		{CBB7EB37-F7D1-472C-A5C2-EC99420DA89A}.Debug|Any CPU.Build.0 = Debug|Any CPU
		{CBB7EB37-F7D1-472C-A5C2-EC99420DA89A}.Release|Any CPU.ActiveCfg = Release|Any CPU
		{CBB7EB37-F7D1-472C-A5C2-EC99420DA89A}.Release|Any CPU.Build.0 = Release|Any CPU
	EndGlobalSection
EndGlobal
